# This file is automatically @generated by Cargo.
# It is not intended for manual editing.
version = 4

[[package]]
name = "fprime_spacewasm"
version = "0.0.0"
dependencies = [
 "spacewasm",
 "spacewasm_c_api",
]

[[package]]
name = "libm"
version = "0.2.16"
source = "registry+https://github.com/rust-lang/crates.io-index"
checksum = "b6d2cec3eae94f9f509c767b45932f1ada8350c4bdb85af2fcab4a3c14807981"

[[package]]
name = "spacewasm"
version = "0.6.2"
source = "registry+https://github.com/rust-lang/crates.io-index"
checksum = "7460f2af618ae49b8020891362c74e978a07b58c528aba77e767aaea623ae2d3"
dependencies = [
 "libm",
]

[[package]]
name = "spacewasm_c_api"
version = "0.6.2"
source = "registry+https://github.com/rust-lang/crates.io-index"
checksum = "1d8f4ea155293eb05b090cc28be0f7f3e40bf9a688431183a59805ba5c6c8c71"
dependencies = [
 "spacewasm",
]
