# This file is automatically @generated by Cargo.
# It is not intended for manual editing.
version = 4

[[package]]
name = "fprime_spacewasm"
version = "0.0.0"
dependencies = [
 "spacewasm",
 "spacewasm_c_api",
]

[[package]]
name = "libm"
version = "0.2.16"
source = "registry+https://github.com/rust-lang/crates.io-index"
checksum = "b6d2cec3eae94f9f509c767b45932f1ada8350c4bdb85af2fcab4a3c14807981"

[[package]]
name = "spacewasm"
version = "0.7.0"
source = "registry+https://github.com/rust-lang/crates.io-index"
checksum = "5f6cdf1b423655369d9e3e16250125b04b1fe26e2e5489c33decfb581284c45c"
dependencies = [
 "libm",
]

[[package]]
name = "spacewasm_c_api"
version = "0.7.0"
source = "registry+https://github.com/rust-lang/crates.io-index"
checksum = "622387b0957a23756fa8002dcec65f609bdca56025e8a6f0f8158ea82a2d1d3b"
dependencies = [
 "spacewasm",
]
