# This file is automatically @generated by Cargo.
# It is not intended for manual editing.
version = 4

[[package]]
name = "fprime_spacewasm"
version = "0.0.0"
dependencies = [
 "spacewasm",
 "spacewasm_c_api",
]

[[package]]
name = "libm"
version = "0.2.16"
source = "registry+https://github.com/rust-lang/crates.io-index"
checksum = "b6d2cec3eae94f9f509c767b45932f1ada8350c4bdb85af2fcab4a3c14807981"

[[package]]
name = "spacewasm"
version = "0.5.1"
source = "registry+https://github.com/rust-lang/crates.io-index"
checksum = "d725ec7fb3fa361efad4b7c31ddb162bb138f89a3ffd6b8181cfb791843f0241"
dependencies = [
 "libm",
]

[[package]]
name = "spacewasm_c_api"
version = "0.5.1"
source = "registry+https://github.com/rust-lang/crates.io-index"
checksum = "a2b2eec82c8cfd9879562c07fe0454a103c02005afb4a8bf851ffd42ab73d23c"
dependencies = [
 "spacewasm",
]
